
Microsoft Visual Studio Solution File, Format Version 12.00
# Visual Studio Version 17
VisualStudioVersion = 17.13.35919.96
MinimumVisualStudioVersion = 10.0.40219.1
Project("{FAE04EC0-301F-11D3-BF4B-00C04F79EFBC}") = "Nimbus2025Test", "Nimbus2025Test\Nimbus2025Test.csproj", "{4BDE52C0-038A-44B0-B5E8-77528B902DE7}"
EndProject
Project("{FAE04EC0-301F-11D3-BF4B-00C04F79EFBC}") = "Nimbus2025model", "Nimbus2025model\Nimbus2025model.csproj", "{AD63811B-6F9F-4F18-88D1-B23EFC98E809}"
EndProject
Project("{FAE04EC0-301F-11D3-BF4B-00C04F79EFBC}") = "Nimbus2025Api", "Nimbus2025Api\Nimbus2025Api.csproj", "{A8E04114-9AFD-4555-BA7B-156304DF23CA}"
EndProject
Project("{FAE04EC0-301F-11D3-BF4B-00C04F79EFBC}") = "DemoWPF", "DemoWPF\DemoWPF.csproj", "{FE7FC9FB-533B-48F0-A6F4-CA8767B711F1}"
EndProject
Project("{FAE04EC0-301F-11D3-BF4B-00C04F79EFBC}") = "Nimbus2025Transverse", "Nimbus2025Transverse\Nimbus2025Transverse.csproj", "{A12FBC1B-57C4-4882-AF3A-C11F2089BB26}"
EndProject
Project("{FAE04EC0-301F-11D3-BF4B-00C04F79EFBC}") = "Nimbus2025Wpf", "Nimbus2025Wpf\Nimbus2025Wpf.csproj", "{84530BB3-F7FE-4F8A-8212-6DE27ACCC8BC}"
EndProject
Global
	GlobalSection(SolutionConfigurationPlatforms) = preSolution
		Debug|Any CPU = Debug|Any CPU
		Release|Any CPU = Release|Any CPU
	EndGlobalSection
	GlobalSection(ProjectConfigurationPlatforms) = postSolution
		{4BDE52C0-038A-44B0-B5E8-77528B902DE7}.Debug|Any CPU.ActiveCfg = Debug|Any CPU
		{4BDE52C0-038A-44B0-B5E8-77528B902DE7}.Debug|Any CPU.Build.0 = Debug|Any CPU
		{4BDE52C0-038A-44B0-B5E8-77528B902DE7}.Release|Any CPU.ActiveCfg = Release|Any CPU
		{4BDE52C0-038A-44B0-B5E8-77528B902DE7}.Release|Any CPU.Build.0 = Release|Any CPU
		{AD63811B-6F9F-4F18-88D1-B23EFC98E809}.Debug|Any CPU.ActiveCfg = Debug|Any CPU
		{AD63811B-6F9F-4F18-88D1-B23EFC98E809}.Debug|Any CPU.Build.0 = Debug|Any CPU
		{AD63811B-6F9F-4F18-88D1-B23EFC98E809}.Release|Any CPU.ActiveCfg = Release|Any CPU
		{AD63811B-6F9F-4F18-88D1-B23EFC98E809}.Release|Any CPU.Build.0 = Release|Any CPU
		{A8E04114-9AFD-4555-BA7B-156304DF23CA}.Debug|Any CPU.ActiveCfg = Debug|Any CPU
		{A8E04114-9AFD-4555-BA7B-156304DF23CA}.Debug|Any CPU.Build.0 = Debug|Any CPU
		{A8E04114-9AFD-4555-BA7B-156304DF23CA}.Release|Any CPU.ActiveCfg = Release|Any CPU
		{A8E04114-9AFD-4555-BA7B-156304DF23CA}.Release|Any CPU.Build.0 = Release|Any CPU
		{FE7FC9FB-533B-48F0-A6F4-CA8767B711F1}.Debug|Any CPU.ActiveCfg = Debug|Any CPU
		{FE7FC9FB-533B-48F0-A6F4-CA8767B711F1}.Debug|Any CPU.Build.0 = Debug|Any CPU
		{FE7FC9FB-533B-48F0-A6F4-CA8767B711F1}.Release|Any CPU.ActiveCfg = Release|Any CPU
		{FE7FC9FB-533B-48F0-A6F4-CA8767B711F1}.Release|Any CPU.Build.0 = Release|Any CPU
		{A12FBC1B-57C4-4882-AF3A-C11F2089BB26}.Debug|Any CPU.ActiveCfg = Debug|Any CPU
		{A12FBC1B-57C4-4882-AF3A-C11F2089BB26}.Debug|Any CPU.Build.0 = Debug|Any CPU
		{A12FBC1B-57C4-4882-AF3A-C11F2089BB26}.Release|Any CPU.ActiveCfg = Release|Any CPU
		{A12FBC1B-57C4-4882-AF3A-C11F2089BB26}.Release|Any CPU.Build.0 = Release|Any CPU
		{84530BB3-F7FE-4F8A-8212-6DE27ACCC8BC}.Debug|Any CPU.ActiveCfg = Debug|Any CPU
		{84530BB3-F7FE-4F8A-8212-6DE27ACCC8BC}.Debug|Any CPU.Build.0 = Debug|Any CPU
		{84530BB3-F7FE-4F8A-8212-6DE27ACCC8BC}.Release|Any CPU.ActiveCfg = Release|Any CPU
		{84530BB3-F7FE-4F8A-8212-6DE27ACCC8BC}.Release|Any CPU.Build.0 = Release|Any CPU
	EndGlobalSection
	GlobalSection(SolutionProperties) = preSolution
		HideSolutionNode = FALSE
	EndGlobalSection
	GlobalSection(ExtensibilityGlobals) = postSolution
		SolutionGuid = {BDB78EA5-FEE8-4DE6-8403-CF33A5CE7C59}
	EndGlobalSection
EndGlobal
